{
  "nodes": {
    "home-manager": {
      "inputs": {
        "nixpkgs": [
          "nixpkgs"
        ]
      },
      "locked": {
        "lastModified": 1760015796,
        "narHash": "sha256-c/WkaynHrRE1EHWATe5+vb9M9YabfTaR1GHivdybaSU=",
        "owner": "nix-community",
        "repo": "home-manager",
        "rev": "6564ee29d0521af3feba937a91024e6a3e77a8b6",
        "type": "github"
      },
      "original": {
        "owner": "nix-community",
        "repo": "home-manager",
        "type": "github"
      }
    },
    "nixos-hardware": {
      "locked": {
        "lastModified": 1759582739,
        "narHash": "sha256-spZegilADH0q5OngM86u6NmXxduCNv5eX9vCiUPhOYc=",
        "owner": "NixOS",
        "repo": "nixos-hardware",
        "rev": "3441b5242af7577230a78ffb03542add264179ab",
        "type": "github"
      },
      "original": {
        "owner": "NixOS",
        "ref": "master",
        "repo": "nixos-hardware",
        "type": "github"
      }
    },
    "nixpkgs": {
      "locked": {
        "lastModified": 1759831965,
        "narHash": "sha256-vgPm2xjOmKdZ0xKA6yLXPJpjOtQPHfaZDRtH+47XEBo=",
        "owner": "nixos",
        "repo": "nixpkgs",
        "rev": "c9b6fb798541223bbb396d287d16f43520250518",
        "type": "github"
      },
      "original": {
        "owner": "nixos",
        "ref": "nixos-unstable",
        "repo": "nixpkgs",
        "type": "github"
      }
    },
    "root": {
      "inputs": {
        "home-manager": "home-manager",
        "nixos-hardware": "nixos-hardware",
        "nixpkgs": "nixpkgs"
      }
    }
  },
  "root": "root",
  "version": 7
}
